// !$*UTF8*$!
{
	archiveVersion = 1;
	classes = {
	};
	objectVersion = 56;
	objects = {

/* Begin PBXBuildFile section */
		E9876A492ACDFCB800865ABA /* SwiftChartsApp.swift in Sources */ = {isa = PBXBuildFile; fileRef = E9876A482ACDFCB800865ABA /* SwiftChartsApp.swift */; };
		E9876A4B2ACDFCB800865ABA /* ContentView.swift in Sources */ = {isa = PBXBuildFile; fileRef = E9876A4A2ACDFCB800865ABA /* ContentView.swift */; };
		E9876A4D2ACDFCBA00865ABA /* Assets.xcassets in Resources */ = {isa = PBXBuildFile; fileRef = E9876A4C2ACDFCBA00865ABA /* Assets.xcassets */; };
		E9876A502ACDFCBA00865ABA /* Preview Assets.xcassets in Resources */ = {isa = PBXBuildFile; fileRef = E9876A4F2ACDFCBA00865ABA /* Preview Assets.xcassets */; };
		E9876A602ACF4EBE00865ABA /* AreaChartView.swift in Sources */ = {isa = PBXBuildFile; fileRef = E9876A5F2ACF4EBE00865ABA /* AreaChartView.swift */; };
		E9876A622ACF4ED100865ABA /* LineChartView.swift in Sources */ = {isa = PBXBuildFile; fileRef = E9876A612ACF4ED100865ABA /* LineChartView.swift */; };
		E9876A642ACF4EE700865ABA /* PointChartView.swift in Sources */ = {isa = PBXBuildFile; fileRef = E9876A632ACF4EE700865ABA /* PointChartView.swift */; };
		E9876A662ACF4EFC00865ABA /* RectangleChartView.swift in Sources */ = {isa = PBXBuildFile; fileRef = E9876A652ACF4EFC00865ABA /* RectangleChartView.swift */; };
		E9876A682ACF4F0E00865ABA /* RuleChartView.swift in Sources */ = {isa = PBXBuildFile; fileRef = E9876A672ACF4F0E00865ABA /* RuleChartView.swift */; };
		E9876A6A2ACF4F1D00865ABA /* BarChartView.swift in Sources */ = {isa = PBXBuildFile; fileRef = E9876A692ACF4F1D00865ABA /* BarChartView.swift */; };
		E9876A6C2AD199EC00865ABA /* AreaChartViewModel.swift in Sources */ = {isa = PBXBuildFile; fileRef = E9876A6B2AD199EC00865ABA /* AreaChartViewModel.swift */; };
		E9876A6E2AD19A1100865ABA /* BuildingPermit.swift in Sources */ = {isa = PBXBuildFile; fileRef = E9876A6D2AD19A1100865ABA /* BuildingPermit.swift */; };
		E9876A702AD2D61C00865ABA /* LineChartViewModel.swift in Sources */ = {isa = PBXBuildFile; fileRef = E9876A6F2AD2D61C00865ABA /* LineChartViewModel.swift */; };
		E9876A722AD3122700865ABA /* PointChartViewModel.swift in Sources */ = {isa = PBXBuildFile; fileRef = E9876A712AD3122700865ABA /* PointChartViewModel.swift */; };
		E9876A742AD3130800865ABA /* RectangleChartViewModel.swift in Sources */ = {isa = PBXBuildFile; fileRef = E9876A732AD3130800865ABA /* RectangleChartViewModel.swift */; };
		E9876A762AD48E5000865ABA /* Stock.swift in Sources */ = {isa = PBXBuildFile; fileRef = E9876A752AD48E5000865ABA /* Stock.swift */; };
		E9876A782AD4916B00865ABA /* RuleChartViewModel.swift in Sources */ = {isa = PBXBuildFile; fileRef = E9876A772AD4916B00865ABA /* RuleChartViewModel.swift */; };
		E9876A7A2AD4959800865ABA /* BarChartViewModel.swift in Sources */ = {isa = PBXBuildFile; fileRef = E9876A792AD4959800865ABA /* BarChartViewModel.swift */; };
/* End PBXBuildFile section */

/* Begin PBXFileReference section */
		E9876A452ACDFCB800865ABA /* SwiftCharts.app */ = {isa = PBXFileReference; explicitFileType = wrapper.application; includeInIndex = 0; path = SwiftCharts.app; sourceTree = BUILT_PRODUCTS_DIR; };
		E9876A482ACDFCB800865ABA /* SwiftChartsApp.swift */ = {isa = PBXFileReference; lastKnownFileType = sourcecode.swift; path = SwiftChartsApp.swift; sourceTree = "<group>"; };
		E9876A4A2ACDFCB800865ABA /* ContentView.swift */ = {isa = PBXFileReference; lastKnownFileType = sourcecode.swift; path = ContentView.swift; sourceTree = "<group>"; };
		E9876A4C2ACDFCBA00865ABA /* Assets.xcassets */ = {isa = PBXFileReference; lastKnownFileType = folder.assetcatalog; path = Assets.xcassets; sourceTree = "<group>"; };
		E9876A4F2ACDFCBA00865ABA /* Preview Assets.xcassets */ = {isa = PBXFileReference; lastKnownFileType = folder.assetcatalog; path = "Preview Assets.xcassets"; sourceTree = "<group>"; };
		E9876A5F2ACF4EBE00865ABA /* AreaChartView.swift */ = {isa = PBXFileReference; lastKnownFileType = sourcecode.swift; path = AreaChartView.swift; sourceTree = "<group>"; };
		E9876A612ACF4ED100865ABA /* LineChartView.swift */ = {isa = PBXFileReference; lastKnownFileType = sourcecode.swift; path = LineChartView.swift; sourceTree = "<group>"; };
		E9876A632ACF4EE700865ABA /* PointChartView.swift */ = {isa = PBXFileReference; lastKnownFileType = sourcecode.swift; path = PointChartView.swift; sourceTree = "<group>"; };
		E9876A652ACF4EFC00865ABA /* RectangleChartView.swift */ = {isa = PBXFileReference; lastKnownFileType = sourcecode.swift; path = RectangleChartView.swift; sourceTree = "<group>"; };
		E9876A672ACF4F0E00865ABA /* RuleChartView.swift */ = {isa = PBXFileReference; lastKnownFileType = sourcecode.swift; path = RuleChartView.swift; sourceTree = "<group>"; };
		E9876A692ACF4F1D00865ABA /* BarChartView.swift */ = {isa = PBXFileReference; lastKnownFileType = sourcecode.swift; path = BarChartView.swift; sourceTree = "<group>"; };
		E9876A6B2AD199EC00865ABA /* AreaChartViewModel.swift */ = {isa = PBXFileReference; lastKnownFileType = sourcecode.swift; path = AreaChartViewModel.swift; sourceTree = "<group>"; };
		E9876A6D2AD19A1100865ABA /* BuildingPermit.swift */ = {isa = PBXFileReference; lastKnownFileType = sourcecode.swift; path = BuildingPermit.swift; sourceTree = "<group>"; };
		E9876A6F2AD2D61C00865ABA /* LineChartViewModel.swift */ = {isa = PBXFileReference; lastKnownFileType = sourcecode.swift; path = LineChartViewModel.swift; sourceTree = "<group>"; };
		E9876A712AD3122700865ABA /* PointChartViewModel.swift */ = {isa = PBXFileReference; lastKnownFileType = sourcecode.swift; path = PointChartViewModel.swift; sourceTree = "<group>"; };
		E9876A732AD3130800865ABA /* RectangleChartViewModel.swift */ = {isa = PBXFileReference; lastKnownFileType = sourcecode.swift; path = RectangleChartViewModel.swift; sourceTree = "<group>"; };
		E9876A752AD48E5000865ABA /* Stock.swift */ = {isa = PBXFileReference; lastKnownFileType = sourcecode.swift; path = Stock.swift; sourceTree = "<group>"; };
		E9876A772AD4916B00865ABA /* RuleChartViewModel.swift */ = {isa = PBXFileReference; lastKnownFileType = sourcecode.swift; path = RuleChartViewModel.swift; sourceTree = "<group>"; };
		E9876A792AD4959800865ABA /* BarChartViewModel.swift */ = {isa = PBXFileReference; lastKnownFileType = sourcecode.swift; path = BarChartViewModel.swift; sourceTree = "<group>"; };
/* End PBXFileReference section */

/* Begin PBXFrameworksBuildPhase section */
		E9876A422ACDFCB800865ABA /* Frameworks */ = {
			isa = PBXFrameworksBuildPhase;
			buildActionMask = 2147483647;
			files = (
			);
			runOnlyForDeploymentPostprocessing = 0;
		};
/* End PBXFrameworksBuildPhase section */

/* Begin PBXGroup section */
		E9876A3C2ACDFCB800865ABA = {
			isa = PBXGroup;
			children = (
				E9876A472ACDFCB800865ABA /* SwiftCharts */,
				E9876A462ACDFCB800865ABA /* Products */,
			);
			sourceTree = "<group>";
		};
		E9876A462ACDFCB800865ABA /* Products */ = {
			isa = PBXGroup;
			children = (
				E9876A452ACDFCB800865ABA /* SwiftCharts.app */,
			);
			name = Products;
			sourceTree = "<group>";
		};
		E9876A472ACDFCB800865ABA /* SwiftCharts */ = {
			isa = PBXGroup;
			children = (
				E9876A582ACF4D1600865ABA /* Screen */,
				E9876A482ACDFCB800865ABA /* SwiftChartsApp.swift */,
				E9876A4A2ACDFCB800865ABA /* ContentView.swift */,
				E9876A4C2ACDFCBA00865ABA /* Assets.xcassets */,
				E9876A4E2ACDFCBA00865ABA /* Preview Content */,
			);
			path = SwiftCharts;
			sourceTree = "<group>";
		};
		E9876A4E2ACDFCBA00865ABA /* Preview Content */ = {
			isa = PBXGroup;
			children = (
				E9876A4F2ACDFCBA00865ABA /* Preview Assets.xcassets */,
			);
			path = "Preview Content";
			sourceTree = "<group>";
		};
		E9876A582ACF4D1600865ABA /* Screen */ = {
			isa = PBXGroup;
			children = (
				E9876A5E2ACF4D3500865ABA /* Area */,
				E9876A5D2ACF4D3100865ABA /* Line */,
				E9876A5C2ACF4D2E00865ABA /* Point */,
				E9876A5B2ACF4D2B00865ABA /* Rectangle */,
				E9876A5A2ACF4D2400865ABA /* Rule */,
				E9876A592ACF4D1C00865ABA /* Bar */,
			);
			path = Screen;
			sourceTree = "<group>";
		};
		E9876A592ACF4D1C00865ABA /* Bar */ = {
			isa = PBXGroup;
			children = (
				E9876A692ACF4F1D00865ABA /* BarChartView.swift */,
				E9876A792AD4959800865ABA /* BarChartViewModel.swift */,
			);
			path = Bar;
			sourceTree = "<group>";
		};
		E9876A5A2ACF4D2400865ABA /* Rule */ = {
			isa = PBXGroup;
			children = (
				E9876A672ACF4F0E00865ABA /* RuleChartView.swift */,
				E9876A772AD4916B00865ABA /* RuleChartViewModel.swift */,
			);
			path = Rule;
			sourceTree = "<group>";
		};
		E9876A5B2ACF4D2B00865ABA /* Rectangle */ = {
			isa = PBXGroup;
			children = (
				E9876A652ACF4EFC00865ABA /* RectangleChartView.swift */,
				E9876A732AD3130800865ABA /* RectangleChartViewModel.swift */,
				E9876A752AD48E5000865ABA /* Stock.swift */,
			);
			path = Rectangle;
			sourceTree = "<group>";
		};
		E9876A5C2ACF4D2E00865ABA /* Point */ = {
			isa = PBXGroup;
			children = (
				E9876A632ACF4EE700865ABA /* PointChartView.swift */,
				E9876A712AD3122700865ABA /* PointChartViewModel.swift */,
			);
			path = Point;
			sourceTree = "<group>";
		};
		E9876A5D2ACF4D3100865ABA /* Line */ = {
			isa = PBXGroup;
			children = (
				E9876A612ACF4ED100865ABA /* LineChartView.swift */,
				E9876A6F2AD2D61C00865ABA /* LineChartViewModel.swift */,
			);
			path = Line;
			sourceTree = "<group>";
		};
		E9876A5E2ACF4D3500865ABA /* Area */ = {
			isa = PBXGroup;
			children = (
				E9876A5F2ACF4EBE00865ABA /* AreaChartView.swift */,
				E9876A6B2AD199EC00865ABA /* AreaChartViewModel.swift */,
				E9876A6D2AD19A1100865ABA /* BuildingPermit.swift */,
			);
			path = Area;
			sourceTree = "<group>";
		};
/* End PBXGroup section */

/* Begin PBXNativeTarget section */
		E9876A442ACDFCB800865ABA /* SwiftCharts */ = {
			isa = PBXNativeTarget;
			buildConfigurationList = E9876A532ACDFCBA00865ABA /* Build configuration list for PBXNativeTarget "SwiftCharts" */;
			buildPhases = (
				E9876A412ACDFCB800865ABA /* Sources */,
				E9876A422ACDFCB800865ABA /* Frameworks */,
				E9876A432ACDFCB800865ABA /* Resources */,
			);
			buildRules = (
			);
			dependencies = (
			);
			name = SwiftCharts;
			productName = SwiftCharts;
			productReference = E9876A452ACDFCB800865ABA /* SwiftCharts.app */;
			productType = "com.apple.product-type.application";
		};
/* End PBXNativeTarget section */

/* Begin PBXProject section */
		E9876A3D2ACDFCB800865ABA /* Project object */ = {
			isa = PBXProject;
			attributes = {
				BuildIndependentTargetsInParallel = 1;
				LastSwiftUpdateCheck = 1500;
				LastUpgradeCheck = 1500;
				TargetAttributes = {
					E9876A442ACDFCB800865ABA = {
						CreatedOnToolsVersion = 15.0;
					};
				};
			};
			buildConfigurationList = E9876A402ACDFCB800865ABA /* Build configuration list for PBXProject "SwiftCharts" */;
			compatibilityVersion = "Xcode 14.0";
			developmentRegion = en;
			hasScannedForEncodings = 0;
			knownRegions = (
				en,
				Base,
			);
			mainGroup = E9876A3C2ACDFCB800865ABA;
			productRefGroup = E9876A462ACDFCB800865ABA /* Products */;
			projectDirPath = "";
			projectRoot = "";
			targets = (
				E9876A442ACDFCB800865ABA /* SwiftCharts */,
			);
		};
/* End PBXProject section */

/* Begin PBXResourcesBuildPhase section */
		E9876A432ACDFCB800865ABA /* Resources */ = {
			isa = PBXResourcesBuildPhase;
			buildActionMask = 2147483647;
			files = (
				E9876A502ACDFCBA00865ABA /* Preview Assets.xcassets in Resources */,
				E9876A4D2ACDFCBA00865ABA /* Assets.xcassets in Resources */,
			);
			runOnlyForDeploymentPostprocessing = 0;
		};
/* End PBXResourcesBuildPhase section */

/* Begin PBXSourcesBuildPhase section */
		E9876A412ACDFCB800865ABA /* Sources */ = {
			isa = PBXSourcesBuildPhase;
			buildActionMask = 2147483647;
			files = (
				E9876A4B2ACDFCB800865ABA /* ContentView.swift in Sources */,
				E9876A6C2AD199EC00865ABA /* AreaChartViewModel.swift in Sources */,
				E9876A782AD4916B00865ABA /* RuleChartViewModel.swift in Sources */,
				E9876A6E2AD19A1100865ABA /* BuildingPermit.swift in Sources */,
				E9876A662ACF4EFC00865ABA /* RectangleChartView.swift in Sources */,
				E9876A7A2AD4959800865ABA /* BarChartViewModel.swift in Sources */,
				E9876A722AD3122700865ABA /* PointChartViewModel.swift in Sources */,
				E9876A602ACF4EBE00865ABA /* AreaChartView.swift in Sources */,
				E9876A742AD3130800865ABA /* RectangleChartViewModel.swift in Sources */,
				E9876A682ACF4F0E00865ABA /* RuleChartView.swift in Sources */,
				E9876A492ACDFCB800865ABA /* SwiftChartsApp.swift in Sources */,
				E9876A702AD2D61C00865ABA /* LineChartViewModel.swift in Sources */,
				E9876A762AD48E5000865ABA /* Stock.swift in Sources */,
				E9876A642ACF4EE700865ABA /* PointChartView.swift in Sources */,
				E9876A622ACF4ED100865ABA /* LineChartView.swift in Sources */,
				E9876A6A2ACF4F1D00865ABA /* BarChartView.swift in Sources */,
			);
			runOnlyForDeploymentPostprocessing = 0;
		};
/* End PBXSourcesBuildPhase section */

/* Begin XCBuildConfiguration section */
		E9876A512ACDFCBA00865ABA /* Debug */ = {
			isa = XCBuildConfiguration;
			buildSettings = {
				ALWAYS_SEARCH_USER_PATHS = NO;
				ASSETCATALOG_COMPILER_GENERATE_SWIFT_ASSET_SYMBOL_EXTENSIONS = YES;
				CLANG_ANALYZER_NONNULL = YES;
				CLANG_ANALYZER_NUMBER_OBJECT_CONVERSION = YES_AGGRESSIVE;
				CLANG_CXX_LANGUAGE_STANDARD = "gnu++20";
				CLANG_ENABLE_MODULES = YES;
				CLANG_ENABLE_OBJC_ARC = YES;
				CLANG_ENABLE_OBJC_WEAK = YES;
				CLANG_WARN_BLOCK_CAPTURE_AUTORELEASING = YES;
				CLANG_WARN_BOOL_CONVERSION = YES;
				CLANG_WARN_COMMA = YES;
				CLANG_WARN_CONSTANT_CONVERSION = YES;
				CLANG_WARN_DEPRECATED_OBJC_IMPLEMENTATIONS = YES;
				CLANG_WARN_DIRECT_OBJC_ISA_USAGE = YES_ERROR;
				CLANG_WARN_DOCUMENTATION_COMMENTS = YES;
				CLANG_WARN_EMPTY_BODY = YES;
				CLANG_WARN_ENUM_CONVERSION = YES;
				CLANG_WARN_INFINITE_RECURSION = YES;
				CLANG_WARN_INT_CONVERSION = YES;
				CLANG_WARN_NON_LITERAL_NULL_CONVERSION = YES;
				CLANG_WARN_OBJC_IMPLICIT_RETAIN_SELF = YES;
				CLANG_WARN_OBJC_LITERAL_CONVERSION = YES;
				CLANG_WARN_OBJC_ROOT_CLASS = YES_ERROR;
				CLANG_WARN_QUOTED_INCLUDE_IN_FRAMEWORK_HEADER = YES;
				CLANG_WARN_RANGE_LOOP_ANALYSIS = YES;
				CLANG_WARN_STRICT_PROTOTYPES = YES;
				CLANG_WARN_SUSPICIOUS_MOVE = YES;
				CLANG_WARN_UNGUARDED_AVAILABILITY = YES_AGGRESSIVE;
				CLANG_WARN_UNREACHABLE_CODE = YES;
				CLANG_WARN__DUPLICATE_METHOD_MATCH = YES;
				COPY_PHASE_STRIP = NO;
				DEBUG_INFORMATION_FORMAT = dwarf;
				ENABLE_STRICT_OBJC_MSGSEND = YES;
				ENABLE_TESTABILITY = YES;
				ENABLE_USER_SCRIPT_SANDBOXING = YES;
				GCC_C_LANGUAGE_STANDARD = gnu17;
				GCC_DYNAMIC_NO_PIC = NO;
				GCC_NO_COMMON_BLOCKS = YES;
				GCC_OPTIMIZATION_LEVEL = 0;
				GCC_PREPROCESSOR_DEFINITIONS = (
					"DEBUG=1",
					"$(inherited)",
				);
				GCC_WARN_64_TO_32_BIT_CONVERSION = YES;
				GCC_WARN_ABOUT_RETURN_TYPE = YES_ERROR;
				GCC_WARN_UNDECLARED_SELECTOR = YES;
				GCC_WARN_UNINITIALIZED_AUTOS = YES_AGGRESSIVE;
				GCC_WARN_UNUSED_FUNCTION = YES;
				GCC_WARN_UNUSED_VARIABLE = YES;
				IPHONEOS_DEPLOYMENT_TARGET = 17.0;
				LOCALIZATION_PREFERS_STRING_CATALOGS = YES;
				MTL_ENABLE_DEBUG_INFO = INCLUDE_SOURCE;
				MTL_FAST_MATH = YES;
				ONLY_ACTIVE_ARCH = YES;
				SDKROOT = iphoneos;
				SWIFT_ACTIVE_COMPILATION_CONDITIONS = "DEBUG $(inherited)";
				SWIFT_OPTIMIZATION_LEVEL = "-Onone";
			};
			name = Debug;
		};
		E9876A522ACDFCBA00865ABA /* Release */ = {
			isa = XCBuildConfiguration;
			buildSettings = {
				ALWAYS_SEARCH_USER_PATHS = NO;
				ASSETCATALOG_COMPILER_GENERATE_SWIFT_ASSET_SYMBOL_EXTENSIONS = YES;
				CLANG_ANALYZER_NONNULL = YES;
				CLANG_ANALYZER_NUMBER_OBJECT_CONVERSION = YES_AGGRESSIVE;
				CLANG_CXX_LANGUAGE_STANDARD = "gnu++20";
				CLANG_ENABLE_MODULES = YES;
				CLANG_ENABLE_OBJC_ARC = YES;
				CLANG_ENABLE_OBJC_WEAK = YES;
				CLANG_WARN_BLOCK_CAPTURE_AUTORELEASING = YES;
				CLANG_WARN_BOOL_CONVERSION = YES;
				CLANG_WARN_COMMA = YES;
				CLANG_WARN_CONSTANT_CONVERSION = YES;
				CLANG_WARN_DEPRECATED_OBJC_IMPLEMENTATIONS = YES;
				CLANG_WARN_DIRECT_OBJC_ISA_USAGE = YES_ERROR;
				CLANG_WARN_DOCUMENTATION_COMMENTS = YES;
				CLANG_WARN_EMPTY_BODY = YES;
				CLANG_WARN_ENUM_CONVERSION = YES;
				CLANG_WARN_INFINITE_RECURSION = YES;
				CLANG_WARN_INT_CONVERSION = YES;
				CLANG_WARN_NON_LITERAL_NULL_CONVERSION = YES;
				CLANG_WARN_OBJC_IMPLICIT_RETAIN_SELF = YES;
				CLANG_WARN_OBJC_LITERAL_CONVERSION = YES;
				CLANG_WARN_OBJC_ROOT_CLASS = YES_ERROR;
				CLANG_WARN_QUOTED_INCLUDE_IN_FRAMEWORK_HEADER = YES;
				CLANG_WARN_RANGE_LOOP_ANALYSIS = YES;
				CLANG_WARN_STRICT_PROTOTYPES = YES;
				CLANG_WARN_SUSPICIOUS_MOVE = YES;
				CLANG_WARN_UNGUARDED_AVAILABILITY = YES_AGGRESSIVE;
				CLANG_WARN_UNREACHABLE_CODE = YES;
				CLANG_WARN__DUPLICATE_METHOD_MATCH = YES;
				COPY_PHASE_STRIP = NO;
				DEBUG_INFORMATION_FORMAT = "dwarf-with-dsym";
				ENABLE_NS_ASSERTIONS = NO;
				ENABLE_STRICT_OBJC_MSGSEND = YES;
				ENABLE_USER_SCRIPT_SANDBOXING = YES;
				GCC_C_LANGUAGE_STANDARD = gnu17;
				GCC_NO_COMMON_BLOCKS = YES;
				GCC_WARN_64_TO_32_BIT_CONVERSION = YES;
				GCC_WARN_ABOUT_RETURN_TYPE = YES_ERROR;
				GCC_WARN_UNDECLARED_SELECTOR = YES;
				GCC_WARN_UNINITIALIZED_AUTOS = YES_AGGRESSIVE;
				GCC_WARN_UNUSED_FUNCTION = YES;
				GCC_WARN_UNUSED_VARIABLE = YES;
				IPHONEOS_DEPLOYMENT_TARGET = 17.0;
				LOCALIZATION_PREFERS_STRING_CATALOGS = YES;
				MTL_ENABLE_DEBUG_INFO = NO;
				MTL_FAST_MATH = YES;
				SDKROOT = iphoneos;
				SWIFT_COMPILATION_MODE = wholemodule;
				VALIDATE_PRODUCT = YES;
			};
			name = Release;
		};
		E9876A542ACDFCBA00865ABA /* Debug */ = {
			isa = XCBuildConfiguration;
			buildSettings = {
				ASSETCATALOG_COMPILER_APPICON_NAME = AppIcon;
				ASSETCATALOG_COMPILER_GLOBAL_ACCENT_COLOR_NAME = AccentColor;
				CODE_SIGN_STYLE = Automatic;
				CURRENT_PROJECT_VERSION = 1;
				DEVELOPMENT_ASSET_PATHS = "\"SwiftCharts/Preview Content\"";
				DEVELOPMENT_TEAM = 8F8TZUV25Z;
				ENABLE_PREVIEWS = YES;
				GENERATE_INFOPLIST_FILE = YES;
				INFOPLIST_KEY_UIApplicationSceneManifest_Generation = YES;
				INFOPLIST_KEY_UIApplicationSupportsIndirectInputEvents = YES;
				INFOPLIST_KEY_UILaunchScreen_Generation = YES;
				INFOPLIST_KEY_UISupportedInterfaceOrientations_iPad = "UIInterfaceOrientationPortrait UIInterfaceOrientationPortraitUpsideDown UIInterfaceOrientationLandscapeLeft UIInterfaceOrientationLandscapeRight";
				INFOPLIST_KEY_UISupportedInterfaceOrientations_iPhone = "UIInterfaceOrientationPortrait UIInterfaceOrientationLandscapeLeft UIInterfaceOrientationLandscapeRight";
				LD_RUNPATH_SEARCH_PATHS = (
					"$(inherited)",
					"@executable_path/Frameworks",
				);
				MARKETING_VERSION = 1.0;
				PRODUCT_BUNDLE_IDENTIFIER = com.mculha.SwiftCharts;
				PRODUCT_NAME = "$(TARGET_NAME)";
				SWIFT_EMIT_LOC_STRINGS = YES;
				SWIFT_VERSION = 5.0;
				TARGETED_DEVICE_FAMILY = "1,2";
			};
			name = Debug;
		};
		E9876A552ACDFCBA00865ABA /* Release */ = {
			isa = XCBuildConfiguration;
			buildSettings = {
				ASSETCATALOG_COMPILER_APPICON_NAME = AppIcon;
				ASSETCATALOG_COMPILER_GLOBAL_ACCENT_COLOR_NAME = AccentColor;
				CODE_SIGN_STYLE = Automatic;
				CURRENT_PROJECT_VERSION = 1;
				DEVELOPMENT_ASSET_PATHS = "\"SwiftCharts/Preview Content\"";
				DEVELOPMENT_TEAM = 8F8TZUV25Z;
				ENABLE_PREVIEWS = YES;
				GENERATE_INFOPLIST_FILE = YES;
				INFOPLIST_KEY_UIApplicationSceneManifest_Generation = YES;
				INFOPLIST_KEY_UIApplicationSupportsIndirectInputEvents = YES;
				INFOPLIST_KEY_UILaunchScreen_Generation = YES;
				INFOPLIST_KEY_UISupportedInterfaceOrientations_iPad = "UIInterfaceOrientationPortrait UIInterfaceOrientationPortraitUpsideDown UIInterfaceOrientationLandscapeLeft UIInterfaceOrientationLandscapeRight";
				INFOPLIST_KEY_UISupportedInterfaceOrientations_iPhone = "UIInterfaceOrientationPortrait UIInterfaceOrientationLandscapeLeft UIInterfaceOrientationLandscapeRight";
				LD_RUNPATH_SEARCH_PATHS = (
					"$(inherited)",
					"@executable_path/Frameworks",
				);
				MARKETING_VERSION = 1.0;
				PRODUCT_BUNDLE_IDENTIFIER = com.mculha.SwiftCharts;
				PRODUCT_NAME = "$(TARGET_NAME)";
				SWIFT_EMIT_LOC_STRINGS = YES;
				SWIFT_VERSION = 5.0;
				TARGETED_DEVICE_FAMILY = "1,2";
			};
			name = Release;
		};
/* End XCBuildConfiguration section */

/* Begin XCConfigurationList section */
		E9876A402ACDFCB800865ABA /* Build configuration list for PBXProject "SwiftCharts" */ = {
			isa = XCConfigurationList;
			buildConfigurations = (
				E9876A512ACDFCBA00865ABA /* Debug */,
				E9876A522ACDFCBA00865ABA /* Release */,
			);
			defaultConfigurationIsVisible = 0;
			defaultConfigurationName = Release;
		};
		E9876A532ACDFCBA00865ABA /* Build configuration list for PBXNativeTarget "SwiftCharts" */ = {
			isa = XCConfigurationList;
			buildConfigurations = (
				E9876A542ACDFCBA00865ABA /* Debug */,
				E9876A552ACDFCBA00865ABA /* Release */,
			);
			defaultConfigurationIsVisible = 0;
			defaultConfigurationName = Release;
		};
/* End XCConfigurationList section */
	};
	rootObject = E9876A3D2ACDFCB800865ABA /* Project object */;
}
